
Microsoft Visual Studio Solution File, Format Version 12.00
# Visual Studio 15
VisualStudioVersion = 15.0.27428.2002
MinimumVisualStudioVersion = 10.0.40219.1
Project("{FAE04EC0-301F-11D3-BF4B-00C04F79EFBC}") = "Nlog lab", "Nlog lab\Nlog lab.csproj", "{8EB4E239-FDCE-4D16-A982-1906EAF768BD}"
EndProject
Global
	GlobalSection(SolutionConfigurationPlatforms) = preSolution
		Debug|Any CPU = Debug|Any CPU
		Release|Any CPU = Release|Any CPU
	EndGlobalSection
	GlobalSection(ProjectConfigurationPlatforms) = postSolution
		{8EB4E239-FDCE-4D16-A982-1906EAF768BD}.Debug|Any CPU.ActiveCfg = Debug|Any CPU
		{8EB4E239-FDCE-4D16-A982-1906EAF768BD}.Debug|Any CPU.Build.0 = Debug|Any CPU
		{8EB4E239-FDCE-4D16-A982-1906EAF768BD}.Release|Any CPU.ActiveCfg = Release|Any CPU
		{8EB4E239-FDCE-4D16-A982-1906EAF768BD}.Release|Any CPU.Build.0 = Release|Any CPU
	EndGlobalSection
	GlobalSection(SolutionProperties) = preSolution
		HideSolutionNode = FALSE
	EndGlobalSection
	GlobalSection(ExtensibilityGlobals) = postSolution
		SolutionGuid = {AF15093C-9304-488B-92DE-0D9D523A4E56}
	EndGlobalSection
EndGlobal
